# THIS IS AN AUTOGENERATED FILE. DO NOT EDIT THIS FILE DIRECTLY.
# yarn lockfile v1


"@effect/schema@^0.63.2":
  version "0.63.2"
  resolved "https://registry.yarnpkg.com/@effect/schema/-/schema-0.63.2.tgz#08c920b2929ebb8111dd051f9da67a732dcfc5ce"
  integrity sha512-piS+6dlGmcX8sAPGXdY4T6QmBbY2YXVnYjUguXpClk6FL7lQ9u2aIDib5kjCpciawJjil2VwltmPnMj0NJKKQQ==

"@effect/typeclass@^0.23.1":
  version "0.23.1"
  resolved "https://registry.yarnpkg.com/@effect/typeclass/-/typeclass-0.23.1.tgz#d97bba123e0600c9410ecd011a98caddf28582f0"
  integrity sha512-9IpWSR8sqBAaaXgoLZmCmvpS1CVQmrvXE0xB3ABFR+f4RjrMrnKE+5Np5YuXrc9n3cwGQiGSAD4s259yn8MNsQ==

effect@^2.4.1:
  version "2.4.1"
  resolved "https://registry.yarnpkg.com/effect/-/effect-2.4.1.tgz#c690b4a6f39075248ac66280c0f49bd0e131d53e"
  integrity sha512-YsoMB/EGCohGKFyTPYqaFe2B7UCU2MM303dkoowF8DNOdks/4q/00cyhTbBUmM/0FMDoUPmUi/AJ0Aj3E7vO1A==
